// !$*UTF8*$!
{
	archiveVersion = 1;
	classes = {
	};
	objectVersion = 55;
	objects = {

/* Begin PBXBuildFile section */
		6800C85128101BC800073C41 /* AppDelegate.swift in Sources */ = {isa = PBXBuildFile; fileRef = 6800C85028101BC800073C41 /* AppDelegate.swift */; };
		6800C85328101BC800073C41 /* SceneDelegate.swift in Sources */ = {isa = PBXBuildFile; fileRef = 6800C85228101BC800073C41 /* SceneDelegate.swift */; };
		6800C85A28101BC900073C41 /* Assets.xcassets in Resources */ = {isa = PBXBuildFile; fileRef = 6800C85928101BC900073C41 /* Assets.xcassets */; };
		6800C85D28101BC900073C41 /* LaunchScreen.storyboard in Resources */ = {isa = PBXBuildFile; fileRef = 6800C85B28101BC900073C41 /* LaunchScreen.storyboard */; };
		6800C86528101C6900073C41 /* HomeViewController.swift in Sources */ = {isa = PBXBuildFile; fileRef = 6800C86428101C6900073C41 /* HomeViewController.swift */; };
		6800C86828101D5600073C41 /* SnapKit in Frameworks */ = {isa = PBXBuildFile; productRef = 6800C86728101D5600073C41 /* SnapKit */; };
		6800C86A28101E1300073C41 /* Content.plist in Resources */ = {isa = PBXBuildFile; fileRef = 6800C86928101E1300073C41 /* Content.plist */; };
		6800C86C28101E3100073C41 /* Content.swift in Sources */ = {isa = PBXBuildFile; fileRef = 6800C86B28101E3100073C41 /* Content.swift */; };
		6800C86E2810207800073C41 /* ContentCollectionViewCell.swift in Sources */ = {isa = PBXBuildFile; fileRef = 6800C86D2810207800073C41 /* ContentCollectionViewCell.swift */; };
		6800C8702810223600073C41 /* ContentCollectionViewHeader.swift in Sources */ = {isa = PBXBuildFile; fileRef = 6800C86F2810223600073C41 /* ContentCollectionViewHeader.swift */; };
		68D8A06828103CF100364BAF /* ContentCollectionViewRankCell.swift in Sources */ = {isa = PBXBuildFile; fileRef = 68D8A06728103CF100364BAF /* ContentCollectionViewRankCell.swift */; };
		68D8A06A28104FFA00364BAF /* ContentCollectionViewMainCell.swift in Sources */ = {isa = PBXBuildFile; fileRef = 68D8A06928104FFA00364BAF /* ContentCollectionViewMainCell.swift */; };
		68D8A06C281055F900364BAF /* UIButton.swift in Sources */ = {isa = PBXBuildFile; fileRef = 68D8A06B281055F900364BAF /* UIButton.swift */; };
/* End PBXBuildFile section */

/* Begin PBXFileReference section */
		6800C84D28101BC800073C41 /* NetflixStyleCollectionViewSampleApp.app */ = {isa = PBXFileReference; explicitFileType = wrapper.application; includeInIndex = 0; path = NetflixStyleCollectionViewSampleApp.app; sourceTree = BUILT_PRODUCTS_DIR; };
		6800C85028101BC800073C41 /* AppDelegate.swift */ = {isa = PBXFileReference; lastKnownFileType = sourcecode.swift; path = AppDelegate.swift; sourceTree = "<group>"; };
		6800C85228101BC800073C41 /* SceneDelegate.swift */ = {isa = PBXFileReference; lastKnownFileType = sourcecode.swift; path = SceneDelegate.swift; sourceTree = "<group>"; };
		6800C85928101BC900073C41 /* Assets.xcassets */ = {isa = PBXFileReference; lastKnownFileType = folder.assetcatalog; path = Assets.xcassets; sourceTree = "<group>"; };
		6800C85C28101BC900073C41 /* Base */ = {isa = PBXFileReference; lastKnownFileType = file.storyboard; name = Base; path = Base.lproj/LaunchScreen.storyboard; sourceTree = "<group>"; };
		6800C85E28101BC900073C41 /* Info.plist */ = {isa = PBXFileReference; lastKnownFileType = text.plist.xml; path = Info.plist; sourceTree = "<group>"; };
		6800C86428101C6900073C41 /* HomeViewController.swift */ = {isa = PBXFileReference; lastKnownFileType = sourcecode.swift; path = HomeViewController.swift; sourceTree = "<group>"; };
		6800C86928101E1300073C41 /* Content.plist */ = {isa = PBXFileReference; fileEncoding = 4; lastKnownFileType = text.plist.xml; path = Content.plist; sourceTree = "<group>"; };
		6800C86B28101E3100073C41 /* Content.swift */ = {isa = PBXFileReference; lastKnownFileType = sourcecode.swift; path = Content.swift; sourceTree = "<group>"; };
		6800C86D2810207800073C41 /* ContentCollectionViewCell.swift */ = {isa = PBXFileReference; lastKnownFileType = sourcecode.swift; path = ContentCollectionViewCell.swift; sourceTree = "<group>"; };
		6800C86F2810223600073C41 /* ContentCollectionViewHeader.swift */ = {isa = PBXFileReference; lastKnownFileType = sourcecode.swift; path = ContentCollectionViewHeader.swift; sourceTree = "<group>"; };
		68D8A06728103CF100364BAF /* ContentCollectionViewRankCell.swift */ = {isa = PBXFileReference; lastKnownFileType = sourcecode.swift; path = ContentCollectionViewRankCell.swift; sourceTree = "<group>"; };
		68D8A06928104FFA00364BAF /* ContentCollectionViewMainCell.swift */ = {isa = PBXFileReference; lastKnownFileType = sourcecode.swift; path = ContentCollectionViewMainCell.swift; sourceTree = "<group>"; };
		68D8A06B281055F900364BAF /* UIButton.swift */ = {isa = PBXFileReference; lastKnownFileType = sourcecode.swift; path = UIButton.swift; sourceTree = "<group>"; };
/* End PBXFileReference section */

/* Begin PBXFrameworksBuildPhase section */
		6800C84A28101BC800073C41 /* Frameworks */ = {
			isa = PBXFrameworksBuildPhase;
			buildActionMask = 2147483647;
			files = (
				6800C86828101D5600073C41 /* SnapKit in Frameworks */,
			);
			runOnlyForDeploymentPostprocessing = 0;
		};
/* End PBXFrameworksBuildPhase section */

/* Begin PBXGroup section */
		6800C84428101BC800073C41 = {
			isa = PBXGroup;
			children = (
				6800C84F28101BC800073C41 /* NetflixStyleCollectionViewSampleApp */,
				6800C84E28101BC800073C41 /* Products */,
			);
			sourceTree = "<group>";
		};
		6800C84E28101BC800073C41 /* Products */ = {
			isa = PBXGroup;
			children = (
				6800C84D28101BC800073C41 /* NetflixStyleCollectionViewSampleApp.app */,
			);
			name = Products;
			sourceTree = "<group>";
		};
		6800C84F28101BC800073C41 /* NetflixStyleCollectionViewSampleApp */ = {
			isa = PBXGroup;
			children = (
				6800C85028101BC800073C41 /* AppDelegate.swift */,
				6800C85228101BC800073C41 /* SceneDelegate.swift */,
				6800C85928101BC900073C41 /* Assets.xcassets */,
				6800C85B28101BC900073C41 /* LaunchScreen.storyboard */,
				6800C85E28101BC900073C41 /* Info.plist */,
				6800C86928101E1300073C41 /* Content.plist */,
				6800C86B28101E3100073C41 /* Content.swift */,
				6800C86428101C6900073C41 /* HomeViewController.swift */,
				6800C86D2810207800073C41 /* ContentCollectionViewCell.swift */,
				6800C86F2810223600073C41 /* ContentCollectionViewHeader.swift */,
				68D8A06728103CF100364BAF /* ContentCollectionViewRankCell.swift */,
				68D8A06928104FFA00364BAF /* ContentCollectionViewMainCell.swift */,
				68D8A06B281055F900364BAF /* UIButton.swift */,
			);
			path = NetflixStyleCollectionViewSampleApp;
			sourceTree = "<group>";
		};
/* End PBXGroup section */

/* Begin PBXNativeTarget section */
		6800C84C28101BC800073C41 /* NetflixStyleCollectionViewSampleApp */ = {
			isa = PBXNativeTarget;
			buildConfigurationList = 6800C86128101BC900073C41 /* Build configuration list for PBXNativeTarget "NetflixStyleCollectionViewSampleApp" */;
			buildPhases = (
				6800C84928101BC800073C41 /* Sources */,
				6800C84A28101BC800073C41 /* Frameworks */,
				6800C84B28101BC800073C41 /* Resources */,
			);
			buildRules = (
			);
			dependencies = (
			);
			name = NetflixStyleCollectionViewSampleApp;
			packageProductDependencies = (
				6800C86728101D5600073C41 /* SnapKit */,
			);
			productName = NetflixStyleCollectionViewSampleApp;
			productReference = 6800C84D28101BC800073C41 /* NetflixStyleCollectionViewSampleApp.app */;
			productType = "com.apple.product-type.application";
		};
/* End PBXNativeTarget section */

/* Begin PBXProject section */
		6800C84528101BC800073C41 /* Project object */ = {
			isa = PBXProject;
			attributes = {
				BuildIndependentTargetsInParallel = 1;
				LastSwiftUpdateCheck = 1330;
				LastUpgradeCheck = 1330;
				TargetAttributes = {
					6800C84C28101BC800073C41 = {
						CreatedOnToolsVersion = 13.3.1;
					};
				};
			};
			buildConfigurationList = 6800C84828101BC800073C41 /* Build configuration list for PBXProject "NetflixStyleCollectionViewSampleApp" */;
			compatibilityVersion = "Xcode 13.0";
			developmentRegion = en;
			hasScannedForEncodings = 0;
			knownRegions = (
				en,
				Base,
			);
			mainGroup = 6800C84428101BC800073C41;
			packageReferences = (
				6800C86628101D5600073C41 /* XCRemoteSwiftPackageReference "SnapKit" */,
			);
			productRefGroup = 6800C84E28101BC800073C41 /* Products */;
			projectDirPath = "";
			projectRoot = "";
			targets = (
				6800C84C28101BC800073C41 /* NetflixStyleCollectionViewSampleApp */,
			);
		};
/* End PBXProject section */

/* Begin PBXResourcesBuildPhase section */
		6800C84B28101BC800073C41 /* Resources */ = {
			isa = PBXResourcesBuildPhase;
			buildActionMask = 2147483647;
			files = (
				6800C85D28101BC900073C41 /* LaunchScreen.storyboard in Resources */,
				6800C85A28101BC900073C41 /* Assets.xcassets in Resources */,
				6800C86A28101E1300073C41 /* Content.plist in Resources */,
			);
			runOnlyForDeploymentPostprocessing = 0;
		};
/* End PBXResourcesBuildPhase section */

/* Begin PBXSourcesBuildPhase section */
		6800C84928101BC800073C41 /* Sources */ = {
			isa = PBXSourcesBuildPhase;
			buildActionMask = 2147483647;
			files = (
				6800C85128101BC800073C41 /* AppDelegate.swift in Sources */,
				6800C8702810223600073C41 /* ContentCollectionViewHeader.swift in Sources */,
				6800C85328101BC800073C41 /* SceneDelegate.swift in Sources */,
				68D8A06828103CF100364BAF /* ContentCollectionViewRankCell.swift in Sources */,
				6800C86528101C6900073C41 /* HomeViewController.swift in Sources */,
				68D8A06A28104FFA00364BAF /* ContentCollectionViewMainCell.swift in Sources */,
				6800C86C28101E3100073C41 /* Content.swift in Sources */,
				6800C86E2810207800073C41 /* ContentCollectionViewCell.swift in Sources */,
				68D8A06C281055F900364BAF /* UIButton.swift in Sources */,
			);
			runOnlyForDeploymentPostprocessing = 0;
		};
/* End PBXSourcesBuildPhase section */

/* Begin PBXVariantGroup section */
		6800C85B28101BC900073C41 /* LaunchScreen.storyboard */ = {
			isa = PBXVariantGroup;
			children = (
				6800C85C28101BC900073C41 /* Base */,
			);
			name = LaunchScreen.storyboard;
			sourceTree = "<group>";
		};
/* End PBXVariantGroup section */

/* Begin XCBuildConfiguration section */
		6800C85F28101BC900073C41 /* Debug */ = {
			isa = XCBuildConfiguration;
			buildSettings = {
				ALWAYS_SEARCH_USER_PATHS = NO;
				CLANG_ANALYZER_NONNULL = YES;
				CLANG_ANALYZER_NUMBER_OBJECT_CONVERSION = YES_AGGRESSIVE;
				CLANG_CXX_LANGUAGE_STANDARD = "gnu++17";
				CLANG_ENABLE_MODULES = YES;
				CLANG_ENABLE_OBJC_ARC = YES;
				CLANG_ENABLE_OBJC_WEAK = YES;
				CLANG_WARN_BLOCK_CAPTURE_AUTORELEASING = YES;
				CLANG_WARN_BOOL_CONVERSION = YES;
				CLANG_WARN_COMMA = YES;
				CLANG_WARN_CONSTANT_CONVERSION = YES;
				CLANG_WARN_DEPRECATED_OBJC_IMPLEMENTATIONS = YES;
				CLANG_WARN_DIRECT_OBJC_ISA_USAGE = YES_ERROR;
				CLANG_WARN_DOCUMENTATION_COMMENTS = YES;
				CLANG_WARN_EMPTY_BODY = YES;
				CLANG_WARN_ENUM_CONVERSION = YES;
				CLANG_WARN_INFINITE_RECURSION = YES;
				CLANG_WARN_INT_CONVERSION = YES;
				CLANG_WARN_NON_LITERAL_NULL_CONVERSION = YES;
				CLANG_WARN_OBJC_IMPLICIT_RETAIN_SELF = YES;
				CLANG_WARN_OBJC_LITERAL_CONVERSION = YES;
				CLANG_WARN_OBJC_ROOT_CLASS = YES_ERROR;
				CLANG_WARN_QUOTED_INCLUDE_IN_FRAMEWORK_HEADER = YES;
				CLANG_WARN_RANGE_LOOP_ANALYSIS = YES;
				CLANG_WARN_STRICT_PROTOTYPES = YES;
				CLANG_WARN_SUSPICIOUS_MOVE = YES;
				CLANG_WARN_UNGUARDED_AVAILABILITY = YES_AGGRESSIVE;
				CLANG_WARN_UNREACHABLE_CODE = YES;
				CLANG_WARN__DUPLICATE_METHOD_MATCH = YES;
				COPY_PHASE_STRIP = NO;
				DEBUG_INFORMATION_FORMAT = dwarf;
				ENABLE_STRICT_OBJC_MSGSEND = YES;
				ENABLE_TESTABILITY = YES;
				GCC_C_LANGUAGE_STANDARD = gnu11;
				GCC_DYNAMIC_NO_PIC = NO;
				GCC_NO_COMMON_BLOCKS = YES;
				GCC_OPTIMIZATION_LEVEL = 0;
				GCC_PREPROCESSOR_DEFINITIONS = (
					"DEBUG=1",
					"$(inherited)",
				);
				GCC_WARN_64_TO_32_BIT_CONVERSION = YES;
				GCC_WARN_ABOUT_RETURN_TYPE = YES_ERROR;
				GCC_WARN_UNDECLARED_SELECTOR = YES;
				GCC_WARN_UNINITIALIZED_AUTOS = YES_AGGRESSIVE;
				GCC_WARN_UNUSED_FUNCTION = YES;
				GCC_WARN_UNUSED_VARIABLE = YES;
				IPHONEOS_DEPLOYMENT_TARGET = 15.4;
				MTL_ENABLE_DEBUG_INFO = INCLUDE_SOURCE;
				MTL_FAST_MATH = YES;
				ONLY_ACTIVE_ARCH = YES;
				SDKROOT = iphoneos;
				SWIFT_ACTIVE_COMPILATION_CONDITIONS = DEBUG;
				SWIFT_OPTIMIZATION_LEVEL = "-Onone";
			};
			name = Debug;
		};
		6800C86028101BC900073C41 /* Release */ = {
			isa = XCBuildConfiguration;
			buildSettings = {
				ALWAYS_SEARCH_USER_PATHS = NO;
				CLANG_ANALYZER_NONNULL = YES;
				CLANG_ANALYZER_NUMBER_OBJECT_CONVERSION = YES_AGGRESSIVE;
				CLANG_CXX_LANGUAGE_STANDARD = "gnu++17";
				CLANG_ENABLE_MODULES = YES;
				CLANG_ENABLE_OBJC_ARC = YES;
				CLANG_ENABLE_OBJC_WEAK = YES;
				CLANG_WARN_BLOCK_CAPTURE_AUTORELEASING = YES;
				CLANG_WARN_BOOL_CONVERSION = YES;
				CLANG_WARN_COMMA = YES;
				CLANG_WARN_CONSTANT_CONVERSION = YES;
				CLANG_WARN_DEPRECATED_OBJC_IMPLEMENTATIONS = YES;
				CLANG_WARN_DIRECT_OBJC_ISA_USAGE = YES_ERROR;
				CLANG_WARN_DOCUMENTATION_COMMENTS = YES;
				CLANG_WARN_EMPTY_BODY = YES;
				CLANG_WARN_ENUM_CONVERSION = YES;
				CLANG_WARN_INFINITE_RECURSION = YES;
				CLANG_WARN_INT_CONVERSION = YES;
				CLANG_WARN_NON_LITERAL_NULL_CONVERSION = YES;
				CLANG_WARN_OBJC_IMPLICIT_RETAIN_SELF = YES;
				CLANG_WARN_OBJC_LITERAL_CONVERSION = YES;
				CLANG_WARN_OBJC_ROOT_CLASS = YES_ERROR;
				CLANG_WARN_QUOTED_INCLUDE_IN_FRAMEWORK_HEADER = YES;
				CLANG_WARN_RANGE_LOOP_ANALYSIS = YES;
				CLANG_WARN_STRICT_PROTOTYPES = YES;
				CLANG_WARN_SUSPICIOUS_MOVE = YES;
				CLANG_WARN_UNGUARDED_AVAILABILITY = YES_AGGRESSIVE;
				CLANG_WARN_UNREACHABLE_CODE = YES;
				CLANG_WARN__DUPLICATE_METHOD_MATCH = YES;
				COPY_PHASE_STRIP = NO;
				DEBUG_INFORMATION_FORMAT = "dwarf-with-dsym";
				ENABLE_NS_ASSERTIONS = NO;
				ENABLE_STRICT_OBJC_MSGSEND = YES;
				GCC_C_LANGUAGE_STANDARD = gnu11;
				GCC_NO_COMMON_BLOCKS = YES;
				GCC_WARN_64_TO_32_BIT_CONVERSION = YES;
				GCC_WARN_ABOUT_RETURN_TYPE = YES_ERROR;
				GCC_WARN_UNDECLARED_SELECTOR = YES;
				GCC_WARN_UNINITIALIZED_AUTOS = YES_AGGRESSIVE;
				GCC_WARN_UNUSED_FUNCTION = YES;
				GCC_WARN_UNUSED_VARIABLE = YES;
				IPHONEOS_DEPLOYMENT_TARGET = 15.4;
				MTL_ENABLE_DEBUG_INFO = NO;
				MTL_FAST_MATH = YES;
				SDKROOT = iphoneos;
				SWIFT_COMPILATION_MODE = wholemodule;
				SWIFT_OPTIMIZATION_LEVEL = "-O";
				VALIDATE_PRODUCT = YES;
			};
			name = Release;
		};
		6800C86228101BC900073C41 /* Debug */ = {
			isa = XCBuildConfiguration;
			buildSettings = {
				ASSETCATALOG_COMPILER_APPICON_NAME = AppIcon;
				ASSETCATALOG_COMPILER_GLOBAL_ACCENT_COLOR_NAME = AccentColor;
				CODE_SIGN_STYLE = Automatic;
				CURRENT_PROJECT_VERSION = 1;
				DEVELOPMENT_TEAM = UCK3286RDQ;
				GENERATE_INFOPLIST_FILE = YES;
				INFOPLIST_FILE = NetflixStyleCollectionViewSampleApp/Info.plist;
				INFOPLIST_KEY_UIApplicationSupportsIndirectInputEvents = YES;
				INFOPLIST_KEY_UILaunchStoryboardName = LaunchScreen;
				INFOPLIST_KEY_UISupportedInterfaceOrientations_iPad = "UIInterfaceOrientationPortrait UIInterfaceOrientationPortraitUpsideDown UIInterfaceOrientationLandscapeLeft UIInterfaceOrientationLandscapeRight";
				INFOPLIST_KEY_UISupportedInterfaceOrientations_iPhone = "UIInterfaceOrientationPortrait UIInterfaceOrientationLandscapeLeft UIInterfaceOrientationLandscapeRight";
				LD_RUNPATH_SEARCH_PATHS = (
					"$(inherited)",
					"@executable_path/Frameworks",
				);
				MARKETING_VERSION = 1.0;
				PRODUCT_BUNDLE_IDENTIFIER = OSJ.NetflixStyleCollectionViewSampleApp;
				PRODUCT_NAME = "$(TARGET_NAME)";
				SWIFT_EMIT_LOC_STRINGS = YES;
				SWIFT_VERSION = 5.0;
				TARGETED_DEVICE_FAMILY = "1,2";
			};
			name = Debug;
		};
		6800C86328101BC900073C41 /* Release */ = {
			isa = XCBuildConfiguration;
			buildSettings = {
				ASSETCATALOG_COMPILER_APPICON_NAME = AppIcon;
				ASSETCATALOG_COMPILER_GLOBAL_ACCENT_COLOR_NAME = AccentColor;
				CODE_SIGN_STYLE = Automatic;
				CURRENT_PROJECT_VERSION = 1;
				DEVELOPMENT_TEAM = UCK3286RDQ;
				GENERATE_INFOPLIST_FILE = YES;
				INFOPLIST_FILE = NetflixStyleCollectionViewSampleApp/Info.plist;
				INFOPLIST_KEY_UIApplicationSupportsIndirectInputEvents = YES;
				INFOPLIST_KEY_UILaunchStoryboardName = LaunchScreen;
				INFOPLIST_KEY_UISupportedInterfaceOrientations_iPad = "UIInterfaceOrientationPortrait UIInterfaceOrientationPortraitUpsideDown UIInterfaceOrientationLandscapeLeft UIInterfaceOrientationLandscapeRight";
				INFOPLIST_KEY_UISupportedInterfaceOrientations_iPhone = "UIInterfaceOrientationPortrait UIInterfaceOrientationLandscapeLeft UIInterfaceOrientationLandscapeRight";
				LD_RUNPATH_SEARCH_PATHS = (
					"$(inherited)",
					"@executable_path/Frameworks",
				);
				MARKETING_VERSION = 1.0;
				PRODUCT_BUNDLE_IDENTIFIER = OSJ.NetflixStyleCollectionViewSampleApp;
				PRODUCT_NAME = "$(TARGET_NAME)";
				SWIFT_EMIT_LOC_STRINGS = YES;
				SWIFT_VERSION = 5.0;
				TARGETED_DEVICE_FAMILY = "1,2";
			};
			name = Release;
		};
/* End XCBuildConfiguration section */

/* Begin XCConfigurationList section */
		6800C84828101BC800073C41 /* Build configuration list for PBXProject "NetflixStyleCollectionViewSampleApp" */ = {
			isa = XCConfigurationList;
			buildConfigurations = (
				6800C85F28101BC900073C41 /* Debug */,
				6800C86028101BC900073C41 /* Release */,
			);
			defaultConfigurationIsVisible = 0;
			defaultConfigurationName = Release;
		};
		6800C86128101BC900073C41 /* Build configuration list for PBXNativeTarget "NetflixStyleCollectionViewSampleApp" */ = {
			isa = XCConfigurationList;
			buildConfigurations = (
				6800C86228101BC900073C41 /* Debug */,
				6800C86328101BC900073C41 /* Release */,
			);
			defaultConfigurationIsVisible = 0;
			defaultConfigurationName = Release;
		};
/* End XCConfigurationList section */

/* Begin XCRemoteSwiftPackageReference section */
		6800C86628101D5600073C41 /* XCRemoteSwiftPackageReference "SnapKit" */ = {
			isa = XCRemoteSwiftPackageReference;
			repositoryURL = "https://github.com/SnapKit/SnapKit.git";
			requirement = {
				kind = upToNextMajorVersion;
				minimumVersion = 5.0.0;
			};
		};
/* End XCRemoteSwiftPackageReference section */

/* Begin XCSwiftPackageProductDependency section */
		6800C86728101D5600073C41 /* SnapKit */ = {
			isa = XCSwiftPackageProductDependency;
			package = 6800C86628101D5600073C41 /* XCRemoteSwiftPackageReference "SnapKit" */;
			productName = SnapKit;
		};
/* End XCSwiftPackageProductDependency section */
	};
	rootObject = 6800C84528101BC800073C41 /* Project object */;
}
